# This file was autogenerated by Stack.
# You should not edit this file by hand.
# For more information, please see the documentation at:
#   https://docs.haskellstack.org/en/stable/lock_files

packages:
- completed:
    hackage: strict-base-types-0.7@sha256:b3f88b927dc2c9c1f071389a6eab58335ffb6a4c2583cfff202c7ae94170a7b7,1525
    pantry-tree:
      size: 405
      sha256: c204ee4f74b1884a82e3bb2e44a0ed42ee89e60e37bcd0fd21f813c131b6113e
  original:
    hackage: strict-base-types-0.7@sha256:b3f88b927dc2c9c1f071389a6eab58335ffb6a4c2583cfff202c7ae94170a7b7,1525
- completed:
    hackage: strict-lens-0.4@sha256:a390ffc42daf8738bb5117fd4ab61fa3a329976e563b983cc506e2d2e5942ec8,1297
    pantry-tree:
      size: 269
      sha256: 9ca11f52d8a9b78f414db85ef22a89d814d03bf7dc22f55636f9123985b9ff82
  original:
    hackage: strict-lens-0.4@sha256:a390ffc42daf8738bb5117fd4ab61fa3a329976e563b983cc506e2d2e5942ec8,1297
snapshots:
- completed:
    size: 585817
    url: https://raw.githubusercontent.com/commercialhaskell/stackage-snapshots/master/lts/18/4.yaml
    sha256: ea3a318eafa9e9cc56bfbe46099fd0d54d32641ab7bbe1d182ed8f5de39f804c
  original: lts-18.4
